// !$*UTF8*$!
{
	archiveVersion = 1;
	classes = {
	};
	objectVersion = 52;
	objects = {

/* Begin PBXBuildFile section */
		18C22E061A4B98701C8A2A80 /* Pods_iLocked_iLockedUITests.framework in Frameworks */ = {isa = PBXBuildFile; fileRef = 98E3266A737B37B6E5EB8628 /* Pods_iLocked_iLockedUITests.framework */; };
		8B2EBF535CDC2D70F1E25B9E /* Pods_iLocked.framework in Frameworks */ = {isa = PBXBuildFile; fileRef = 51CC857FDA009979BA8EABC3 /* Pods_iLocked.framework */; };
		900BEE4226D9493F00426C11 /* SwiftyRSA.swift in Sources */ = {isa = PBXBuildFile; fileRef = 900BEE4126D9493F00426C11 /* SwiftyRSA.swift */; };
		9013F7F326B05FC300CC7361 /* ExportKeys.swift in Sources */ = {isa = PBXBuildFile; fileRef = 9013F7F226B05FC300CC7361 /* ExportKeys.swift */; };
		9014387D26D6687700384EB4 /* Logs.swift in Sources */ = {isa = PBXBuildFile; fileRef = 9014387C26D6687700384EB4 /* Logs.swift */; };
		9014387F26D807EA00384EB4 /* LogView.swift in Sources */ = {isa = PBXBuildFile; fileRef = 9014387E26D807EA00384EB4 /* LogView.swift */; };
		901BD77626AF1C52009D246D /* BartyCrouch.swift in Sources */ = {isa = PBXBuildFile; fileRef = 901BD77526AF1C52009D246D /* BartyCrouch.swift */; };
		901D23A326C9C27500C5DCCA /* ThirdTutoView.swift in Sources */ = {isa = PBXBuildFile; fileRef = 901D23A226C9C27500C5DCCA /* ThirdTutoView.swift */; };
		901F8D3526DC3C25001BCD17 /* QRCodeData.swift in Sources */ = {isa = PBXBuildFile; fileRef = 901F8D3426DC3C25001BCD17 /* QRCodeData.swift */; };
		901F8D3726DC3FF3001BCD17 /* Data.swift in Sources */ = {isa = PBXBuildFile; fileRef = 901F8D3626DC3FF3001BCD17 /* Data.swift */; };
		901F8D3C26DD14F4001BCD17 /* QRCodeReader.swift in Sources */ = {isa = PBXBuildFile; fileRef = 901F8D3B26DD14F4001BCD17 /* QRCodeReader.swift */; };
		9031317C26D91A9E0085C9E2 /* Bundle.swift in Sources */ = {isa = PBXBuildFile; fileRef = 9031317B26D91A9E0085C9E2 /* Bundle.swift */; };
		904063AA26949B1600946518 /* UIWindow.swift in Sources */ = {isa = PBXBuildFile; fileRef = 904063A926949B1600946518 /* UIWindow.swift */; };
		904063AC26971CCD00946518 /* Colors.swift in Sources */ = {isa = PBXBuildFile; fileRef = 904063AB26971CCD00946518 /* Colors.swift */; };
		9048E65D23FB017800098C73 /* Dictionary.swift in Sources */ = {isa = PBXBuildFile; fileRef = 9048E65C23FB017800098C73 /* Dictionary.swift */; };
		906207D125914ECE00E98F90 /* Revoke.swift in Sources */ = {isa = PBXBuildFile; fileRef = 906207D025914ECE00E98F90 /* Revoke.swift */; };
		906CE59325DDA53D007B8E08 /* AdvancedSettings.swift in Sources */ = {isa = PBXBuildFile; fileRef = 906CE59225DDA53D007B8E08 /* AdvancedSettings.swift */; };
		908AE09926B554570032D74A /* ImportKeys.swift in Sources */ = {isa = PBXBuildFile; fileRef = 908AE09826B554570032D74A /* ImportKeys.swift */; };
		90983B3A26D17C4F007F46BB /* SPConfetti in Frameworks */ = {isa = PBXBuildFile; productRef = 90983B3926D17C4F007F46BB /* SPConfetti */; };
		90ABB45226DC102B005F7497 /* QRCode in Frameworks */ = {isa = PBXBuildFile; productRef = 90ABB45126DC102B005F7497 /* QRCode */; };
		90ABB45426DC23DF005F7497 /* QRCodeView.swift in Sources */ = {isa = PBXBuildFile; fileRef = 90ABB45326DC23DF005F7497 /* QRCodeView.swift */; };
		90B69BE2269DB58A00451DFC /* FirstWelcomeView.swift in Sources */ = {isa = PBXBuildFile; fileRef = 90B69BE1269DB58A00451DFC /* FirstWelcomeView.swift */; };
		90B69BE426A08FA800451DFC /* SecondWelcomeView.swift in Sources */ = {isa = PBXBuildFile; fileRef = 90B69BE326A08FA700451DFC /* SecondWelcomeView.swift */; };
		90B69BEB26A2C5B700451DFC /* FirstTutoView.swift in Sources */ = {isa = PBXBuildFile; fileRef = 90B69BEA26A2C5B700451DFC /* FirstTutoView.swift */; };
		90B886FC23F7F31A00035C82 /* Settings.swift in Sources */ = {isa = PBXBuildFile; fileRef = 90B886FB23F7F31A00035C82 /* Settings.swift */; };
		90CDFA9F26CEED96006CF06D /* UIImage.swift in Sources */ = {isa = PBXBuildFile; fileRef = 90CDFA9E26CEED96006CF06D /* UIImage.swift */; };
		90CDFAA226CFF674006CF06D /* StoreKit.framework in Frameworks */ = {isa = PBXBuildFile; fileRef = 90CDFAA126CFF674006CF06D /* StoreKit.framework */; };
		90D3679F26C5737D00108B64 /* InAppPurchaseLib in Frameworks */ = {isa = PBXBuildFile; productRef = 90D3679E26C5737D00108B64 /* InAppPurchaseLib */; };
		90D367A126C586CF00108B64 /* logo_animated_ilocked.gif in Resources */ = {isa = PBXBuildFile; fileRef = 90D367A026C586CF00108B64 /* logo_animated_ilocked.gif */; };
		90D367A326C58FA800108B64 /* UpgradePage.swift in Sources */ = {isa = PBXBuildFile; fileRef = 90D367A226C58FA800108B64 /* UpgradePage.swift */; };
		90D367A526C595EA00108B64 /* animated_logo_ilocked_high.gif in Resources */ = {isa = PBXBuildFile; fileRef = 90D367A426C595E900108B64 /* animated_logo_ilocked_high.gif */; };
		90D367A726C5966F00108B64 /* animated_logo_high_gray.gif in Resources */ = {isa = PBXBuildFile; fileRef = 90D367A626C5966F00108B64 /* animated_logo_high_gray.gif */; };
		90D43B5523FDDB3F00EFE9BD /* KeychainWrapper.swift in Sources */ = {isa = PBXBuildFile; fileRef = 90D43B5423FDDB3F00EFE9BD /* KeychainWrapper.swift */; };
		90D43B5723FDDB5B00EFE9BD /* KeychainItemAccessibility.swift in Sources */ = {isa = PBXBuildFile; fileRef = 90D43B5623FDDB5B00EFE9BD /* KeychainItemAccessibility.swift */; };
		90DB59A92416B03F001189C5 /* SettingsData.swift in Sources */ = {isa = PBXBuildFile; fileRef = 90DB59A82416B03F001189C5 /* SettingsData.swift */; };
		90EBFC8226A4D069002B30E9 /* SecondTutoView.swift in Sources */ = {isa = PBXBuildFile; fileRef = 90EBFC8126A4D069002B30E9 /* SecondTutoView.swift */; };
		90EBFC8E26AC7FC3002B30E9 /* GenerateKeysView.swift in Sources */ = {isa = PBXBuildFile; fileRef = 90EBFC8D26AC7FC3002B30E9 /* GenerateKeysView.swift */; };
		90EBFC9226ACB68C002B30E9 /* TabBarController.swift in Sources */ = {isa = PBXBuildFile; fileRef = 90EBFC9126ACB68C002B30E9 /* TabBarController.swift */; };
		90EBFC9426ACB6BD002B30E9 /* NavigationController.swift in Sources */ = {isa = PBXBuildFile; fileRef = 90EBFC9326ACB6BD002B30E9 /* NavigationController.swift */; };
		90EBFC9926AD8C39002B30E9 /* Localizable.strings in Resources */ = {isa = PBXBuildFile; fileRef = 90EBFC9B26AD8C39002B30E9 /* Localizable.strings */; };
		90EE52B2267675FB00C506AA /* WebView.swift in Sources */ = {isa = PBXBuildFile; fileRef = 90EE52B1267675FB00C506AA /* WebView.swift */; };
		90EEEAFD266E7D0C00A158DA /* donationView.swift in Sources */ = {isa = PBXBuildFile; fileRef = 90EEEAFC266E7D0C00A158DA /* donationView.swift */; };
		B037C8C84669C52ACFCEFA52 /* Pods_iLockedTests.framework in Frameworks */ = {isa = PBXBuildFile; fileRef = A1F5E282084DD7D32DBD73EC /* Pods_iLockedTests.framework */; };
		D820B848235E3559006CEB38 /* UIView.swift in Sources */ = {isa = PBXBuildFile; fileRef = D820B847235E3559006CEB38 /* UIView.swift */; };
		D820B84A235E359D006CEB38 /* DecryptedResult.swift in Sources */ = {isa = PBXBuildFile; fileRef = D820B849235E359D006CEB38 /* DecryptedResult.swift */; };
		D820B84E235E5EB1006CEB38 /* LockedView.swift in Sources */ = {isa = PBXBuildFile; fileRef = D820B84D235E5EB1006CEB38 /* LockedView.swift */; };
		D820B8542363909C006CEB38 /* publicPrivateKeys.swift in Sources */ = {isa = PBXBuildFile; fileRef = D820B8532363909C006CEB38 /* publicPrivateKeys.swift */; };
		D8416D362364ED5100A0B038 /* Encryption.swift in Sources */ = {isa = PBXBuildFile; fileRef = D8416D352364ED5100A0B038 /* Encryption.swift */; };
		D8416D382364F62700A0B038 /* Decryption.swift in Sources */ = {isa = PBXBuildFile; fileRef = D8416D372364F62700A0B038 /* Decryption.swift */; };
		D8A64B072353BC1C000613F3 /* AppDelegate.swift in Sources */ = {isa = PBXBuildFile; fileRef = D8A64B062353BC1C000613F3 /* AppDelegate.swift */; };
		D8A64B092353BC1C000613F3 /* SceneDelegate.swift in Sources */ = {isa = PBXBuildFile; fileRef = D8A64B082353BC1C000613F3 /* SceneDelegate.swift */; };
		D8A64B0B2353BC1C000613F3 /* ViewController.swift in Sources */ = {isa = PBXBuildFile; fileRef = D8A64B0A2353BC1C000613F3 /* ViewController.swift */; };
		D8A64B0E2353BC1C000613F3 /* Main.storyboard in Resources */ = {isa = PBXBuildFile; fileRef = D8A64B0C2353BC1C000613F3 /* Main.storyboard */; };
		D8A64B102353BC23000613F3 /* Assets.xcassets in Resources */ = {isa = PBXBuildFile; fileRef = D8A64B0F2353BC23000613F3 /* Assets.xcassets */; };
		D8A64B132353BC23000613F3 /* LaunchScreen.storyboard in Resources */ = {isa = PBXBuildFile; fileRef = D8A64B112353BC23000613F3 /* LaunchScreen.storyboard */; };
		D8A64B1E2353BC24000613F3 /* iLockedTests.swift in Sources */ = {isa = PBXBuildFile; fileRef = D8A64B1D2353BC24000613F3 /* iLockedTests.swift */; };
		D8A64B292353BC24000613F3 /* iLockedUITests.swift in Sources */ = {isa = PBXBuildFile; fileRef = D8A64B282353BC24000613F3 /* iLockedUITests.swift */; };
		D8A64B3C2353BC70000613F3 /* KeyId.swift in Sources */ = {isa = PBXBuildFile; fileRef = D8A64B3B2353BC70000613F3 /* KeyId.swift */; };
		D8A64B482353BCA0000613F3 /* AttributedText.swift in Sources */ = {isa = PBXBuildFile; fileRef = D8A64B422353BC9F000613F3 /* AttributedText.swift */; };
		D8A64B492353BCA0000613F3 /* CustomCellTableView.swift in Sources */ = {isa = PBXBuildFile; fileRef = D8A64B432353BC9F000613F3 /* CustomCellTableView.swift */; };
		D8A64B4A2353BCA0000613F3 /* UIButton.swift in Sources */ = {isa = PBXBuildFile; fileRef = D8A64B442353BCA0000613F3 /* UIButton.swift */; };
		D8A64B4B2353BCA0000613F3 /* TextView.swift in Sources */ = {isa = PBXBuildFile; fileRef = D8A64B452353BCA0000613F3 /* TextView.swift */; };
		D8A64B4C2353BCA0000613F3 /* String.swift in Sources */ = {isa = PBXBuildFile; fileRef = D8A64B462353BCA0000613F3 /* String.swift */; };
		D8A64B4D2353BCA0000613F3 /* GifController.swift in Sources */ = {isa = PBXBuildFile; fileRef = D8A64B472353BCA0000613F3 /* GifController.swift */; };
		D8A64B562353BCC1000613F3 /* AddKey.swift in Sources */ = {isa = PBXBuildFile; fileRef = D8A64B502353BCC0000613F3 /* AddKey.swift */; };
		D8A64B572353BCC1000613F3 /* DecryptHomePage.swift in Sources */ = {isa = PBXBuildFile; fileRef = D8A64B512353BCC0000613F3 /* DecryptHomePage.swift */; };
		D8A64B582353BCC1000613F3 /* EncryptResult.swift in Sources */ = {isa = PBXBuildFile; fileRef = D8A64B522353BCC0000613F3 /* EncryptResult.swift */; };
		D8A64B592353BCC1000613F3 /* EncryptHomePage.swift in Sources */ = {isa = PBXBuildFile; fileRef = D8A64B532353BCC1000613F3 /* EncryptHomePage.swift */; };
		D8A64B5A2353BCC1000613F3 /* KeyList.swift in Sources */ = {isa = PBXBuildFile; fileRef = D8A64B542353BCC1000613F3 /* KeyList.swift */; };
		D8A64B5B2353BCC1000613F3 /* ShowKey.swift in Sources */ = {isa = PBXBuildFile; fileRef = D8A64B552353BCC1000613F3 /* ShowKey.swift */; };
/* End PBXBuildFile section */

/* Begin PBXContainerItemProxy section */
		D8A64B1A2353BC24000613F3 /* PBXContainerItemProxy */ = {
			isa = PBXContainerItemProxy;
			containerPortal = D8A64AFB2353BC1C000613F3 /* Project object */;
			proxyType = 1;
			remoteGlobalIDString = D8A64B022353BC1C000613F3;
			remoteInfo = iLocked;
		};
		D8A64B252353BC24000613F3 /* PBXContainerItemProxy */ = {
			isa = PBXContainerItemProxy;
			containerPortal = D8A64AFB2353BC1C000613F3 /* Project object */;
			proxyType = 1;
			remoteGlobalIDString = D8A64B022353BC1C000613F3;
			remoteInfo = iLocked;
		};
/* End PBXContainerItemProxy section */

/* Begin PBXCopyFilesBuildPhase section */
		909D26C423FDD5FA00B5C9CD /* CopyFiles */ = {
			isa = PBXCopyFilesBuildPhase;
			buildActionMask = 2147483647;
			dstPath = "";
			dstSubfolderSpec = 10;
			files = (
			);
			runOnlyForDeploymentPostprocessing = 0;
		};
/* End PBXCopyFilesBuildPhase section */

/* Begin PBXFileReference section */
		14C5E765DBF4D915D79DC076 /* Pods-iLocked-iLockedUITests.debug.xcconfig */ = {isa = PBXFileReference; includeInIndex = 1; lastKnownFileType = text.xcconfig; name = "Pods-iLocked-iLockedUITests.debug.xcconfig"; path = "Target Support Files/Pods-iLocked-iLockedUITests/Pods-iLocked-iLockedUITests.debug.xcconfig"; sourceTree = "<group>"; };
		2DCCB26801EC278189163ADF /* Pods-iLocked-iLockedUITests.release.xcconfig */ = {isa = PBXFileReference; includeInIndex = 1; lastKnownFileType = text.xcconfig; name = "Pods-iLocked-iLockedUITests.release.xcconfig"; path = "Target Support Files/Pods-iLocked-iLockedUITests/Pods-iLocked-iLockedUITests.release.xcconfig"; sourceTree = "<group>"; };
		51CC857FDA009979BA8EABC3 /* Pods_iLocked.framework */ = {isa = PBXFileReference; explicitFileType = wrapper.framework; includeInIndex = 0; path = Pods_iLocked.framework; sourceTree = BUILT_PRODUCTS_DIR; };
		730C3F2FDC83288355D730E1 /* Pods-iLockedTests.debug.xcconfig */ = {isa = PBXFileReference; includeInIndex = 1; lastKnownFileType = text.xcconfig; name = "Pods-iLockedTests.debug.xcconfig"; path = "Target Support Files/Pods-iLockedTests/Pods-iLockedTests.debug.xcconfig"; sourceTree = "<group>"; };
		795E0CE1AEC71C0C257C2D28 /* Pods-iLocked.release.xcconfig */ = {isa = PBXFileReference; includeInIndex = 1; lastKnownFileType = text.xcconfig; name = "Pods-iLocked.release.xcconfig"; path = "Target Support Files/Pods-iLocked/Pods-iLocked.release.xcconfig"; sourceTree = "<group>"; };
		900BEE4126D9493F00426C11 /* SwiftyRSA.swift */ = {isa = PBXFileReference; lastKnownFileType = sourcecode.swift; path = SwiftyRSA.swift; sourceTree = "<group>"; };
		9013F7F226B05FC300CC7361 /* ExportKeys.swift */ = {isa = PBXFileReference; lastKnownFileType = sourcecode.swift; path = ExportKeys.swift; sourceTree = "<group>"; };
		9014387C26D6687700384EB4 /* Logs.swift */ = {isa = PBXFileReference; lastKnownFileType = sourcecode.swift; path = Logs.swift; sourceTree = "<group>"; };
		9014387E26D807EA00384EB4 /* LogView.swift */ = {isa = PBXFileReference; lastKnownFileType = sourcecode.swift; path = LogView.swift; sourceTree = "<group>"; };
		901BD77526AF1C52009D246D /* BartyCrouch.swift */ = {isa = PBXFileReference; lastKnownFileType = sourcecode.swift; path = BartyCrouch.swift; sourceTree = "<group>"; };
		901D23A226C9C27500C5DCCA /* ThirdTutoView.swift */ = {isa = PBXFileReference; lastKnownFileType = sourcecode.swift; path = ThirdTutoView.swift; sourceTree = "<group>"; };
		901F8D3426DC3C25001BCD17 /* QRCodeData.swift */ = {isa = PBXFileReference; lastKnownFileType = sourcecode.swift; path = QRCodeData.swift; sourceTree = "<group>"; };
		901F8D3626DC3FF3001BCD17 /* Data.swift */ = {isa = PBXFileReference; lastKnownFileType = sourcecode.swift; path = Data.swift; sourceTree = "<group>"; };
		901F8D3B26DD14F4001BCD17 /* QRCodeReader.swift */ = {isa = PBXFileReference; lastKnownFileType = sourcecode.swift; path = QRCodeReader.swift; sourceTree = "<group>"; };
		9031317B26D91A9E0085C9E2 /* Bundle.swift */ = {isa = PBXFileReference; lastKnownFileType = sourcecode.swift; path = Bundle.swift; sourceTree = "<group>"; };
		904063A926949B1600946518 /* UIWindow.swift */ = {isa = PBXFileReference; lastKnownFileType = sourcecode.swift; path = UIWindow.swift; sourceTree = "<group>"; };
		904063AB26971CCD00946518 /* Colors.swift */ = {isa = PBXFileReference; lastKnownFileType = sourcecode.swift; path = Colors.swift; sourceTree = "<group>"; };
		9048E65C23FB017800098C73 /* Dictionary.swift */ = {isa = PBXFileReference; lastKnownFileType = sourcecode.swift; path = Dictionary.swift; sourceTree = "<group>"; };
		906207D025914ECE00E98F90 /* Revoke.swift */ = {isa = PBXFileReference; lastKnownFileType = sourcecode.swift; path = Revoke.swift; sourceTree = "<group>"; };
		906CE59225DDA53D007B8E08 /* AdvancedSettings.swift */ = {isa = PBXFileReference; lastKnownFileType = sourcecode.swift; path = AdvancedSettings.swift; sourceTree = "<group>"; };
		9074A09525373C1C00983FBC /* iLocked.app */ = {isa = PBXFileReference; explicitFileType = wrapper.application; includeInIndex = 0; path = iLocked.app; sourceTree = BUILT_PRODUCTS_DIR; };
		9074A09625373C1C00983FBC /* iLockedTests.xctest */ = {isa = PBXFileReference; explicitFileType = wrapper.cfbundle; includeInIndex = 0; path = iLockedTests.xctest; sourceTree = BUILT_PRODUCTS_DIR; };
		9074A09725373C1C00983FBC /* iLockedUITests.xctest */ = {isa = PBXFileReference; explicitFileType = wrapper.cfbundle; includeInIndex = 0; path = iLockedUITests.xctest; sourceTree = BUILT_PRODUCTS_DIR; };
		908AE09826B554570032D74A /* ImportKeys.swift */ = {isa = PBXFileReference; lastKnownFileType = sourcecode.swift; path = ImportKeys.swift; sourceTree = "<group>"; };
		909655F924F85615001147B3 /* iLocked.entitlements */ = {isa = PBXFileReference; lastKnownFileType = text.plist.entitlements; path = iLocked.entitlements; sourceTree = "<group>"; };
		90ABB45326DC23DF005F7497 /* QRCodeView.swift */ = {isa = PBXFileReference; lastKnownFileType = sourcecode.swift; path = QRCodeView.swift; sourceTree = "<group>"; };
		90B69BE1269DB58A00451DFC /* FirstWelcomeView.swift */ = {isa = PBXFileReference; lastKnownFileType = sourcecode.swift; path = FirstWelcomeView.swift; sourceTree = "<group>"; };
		90B69BE326A08FA700451DFC /* SecondWelcomeView.swift */ = {isa = PBXFileReference; lastKnownFileType = sourcecode.swift; path = SecondWelcomeView.swift; sourceTree = "<group>"; };
		90B69BEA26A2C5B700451DFC /* FirstTutoView.swift */ = {isa = PBXFileReference; lastKnownFileType = sourcecode.swift; path = FirstTutoView.swift; sourceTree = "<group>"; };
		90B886FB23F7F31A00035C82 /* Settings.swift */ = {isa = PBXFileReference; lastKnownFileType = sourcecode.swift; path = Settings.swift; sourceTree = "<group>"; };
		90CDFA9E26CEED96006CF06D /* UIImage.swift */ = {isa = PBXFileReference; lastKnownFileType = sourcecode.swift; path = UIImage.swift; sourceTree = "<group>"; };
		90CDFAA126CFF674006CF06D /* StoreKit.framework */ = {isa = PBXFileReference; lastKnownFileType = wrapper.framework; name = StoreKit.framework; path = System/Library/Frameworks/StoreKit.framework; sourceTree = SDKROOT; };
		90D367A026C586CF00108B64 /* logo_animated_ilocked.gif */ = {isa = PBXFileReference; lastKnownFileType = image.gif; path = logo_animated_ilocked.gif; sourceTree = "<group>"; };
		90D367A226C58FA800108B64 /* UpgradePage.swift */ = {isa = PBXFileReference; lastKnownFileType = sourcecode.swift; path = UpgradePage.swift; sourceTree = "<group>"; };
		90D367A426C595E900108B64 /* animated_logo_ilocked_high.gif */ = {isa = PBXFileReference; lastKnownFileType = image.gif; path = animated_logo_ilocked_high.gif; sourceTree = "<group>"; };
		90D367A626C5966F00108B64 /* animated_logo_high_gray.gif */ = {isa = PBXFileReference; lastKnownFileType = image.gif; path = animated_logo_high_gray.gif; sourceTree = "<group>"; };
		90D43B5423FDDB3F00EFE9BD /* KeychainWrapper.swift */ = {isa = PBXFileReference; lastKnownFileType = sourcecode.swift; path = KeychainWrapper.swift; sourceTree = "<group>"; };
		90D43B5623FDDB5B00EFE9BD /* KeychainItemAccessibility.swift */ = {isa = PBXFileReference; lastKnownFileType = sourcecode.swift; path = KeychainItemAccessibility.swift; sourceTree = "<group>"; };
		90DB59A82416B03F001189C5 /* SettingsData.swift */ = {isa = PBXFileReference; lastKnownFileType = sourcecode.swift; path = SettingsData.swift; sourceTree = "<group>"; };
		90EBFC8126A4D069002B30E9 /* SecondTutoView.swift */ = {isa = PBXFileReference; lastKnownFileType = sourcecode.swift; path = SecondTutoView.swift; sourceTree = "<group>"; };
		90EBFC8D26AC7FC3002B30E9 /* GenerateKeysView.swift */ = {isa = PBXFileReference; lastKnownFileType = sourcecode.swift; path = GenerateKeysView.swift; sourceTree = "<group>"; };
		90EBFC9126ACB68C002B30E9 /* TabBarController.swift */ = {isa = PBXFileReference; lastKnownFileType = sourcecode.swift; path = TabBarController.swift; sourceTree = "<group>"; };
		90EBFC9326ACB6BD002B30E9 /* NavigationController.swift */ = {isa = PBXFileReference; lastKnownFileType = sourcecode.swift; path = NavigationController.swift; sourceTree = "<group>"; };
		90EBFC9626ACD030002B30E9 /* fr */ = {isa = PBXFileReference; lastKnownFileType = text.plist.strings; name = fr; path = fr.lproj/Main.strings; sourceTree = "<group>"; };
		90EBFC9A26AD8C39002B30E9 /* fr */ = {isa = PBXFileReference; lastKnownFileType = text.plist.strings; name = fr; path = fr.lproj/Localizable.strings; sourceTree = "<group>"; };
		90EE52B1267675FB00C506AA /* WebView.swift */ = {isa = PBXFileReference; lastKnownFileType = sourcecode.swift; path = WebView.swift; sourceTree = "<group>"; };
		90EEEAFC266E7D0C00A158DA /* donationView.swift */ = {isa = PBXFileReference; lastKnownFileType = sourcecode.swift; path = donationView.swift; sourceTree = "<group>"; };
		98E3266A737B37B6E5EB8628 /* Pods_iLocked_iLockedUITests.framework */ = {isa = PBXFileReference; explicitFileType = wrapper.framework; includeInIndex = 0; path = Pods_iLocked_iLockedUITests.framework; sourceTree = BUILT_PRODUCTS_DIR; };
		A1F5E282084DD7D32DBD73EC /* Pods_iLockedTests.framework */ = {isa = PBXFileReference; explicitFileType = wrapper.framework; includeInIndex = 0; path = Pods_iLockedTests.framework; sourceTree = BUILT_PRODUCTS_DIR; };
		D820B847235E3559006CEB38 /* UIView.swift */ = {isa = PBXFileReference; lastKnownFileType = sourcecode.swift; path = UIView.swift; sourceTree = "<group>"; };
		D820B849235E359D006CEB38 /* DecryptedResult.swift */ = {isa = PBXFileReference; lastKnownFileType = sourcecode.swift; path = DecryptedResult.swift; sourceTree = "<group>"; };
		D820B84D235E5EB1006CEB38 /* LockedView.swift */ = {isa = PBXFileReference; lastKnownFileType = sourcecode.swift; path = LockedView.swift; sourceTree = "<group>"; };
		D820B8532363909C006CEB38 /* publicPrivateKeys.swift */ = {isa = PBXFileReference; lastKnownFileType = sourcecode.swift; path = publicPrivateKeys.swift; sourceTree = "<group>"; };
		D8416D352364ED5100A0B038 /* Encryption.swift */ = {isa = PBXFileReference; lastKnownFileType = sourcecode.swift; path = Encryption.swift; sourceTree = "<group>"; };
		D8416D372364F62700A0B038 /* Decryption.swift */ = {isa = PBXFileReference; lastKnownFileType = sourcecode.swift; path = Decryption.swift; sourceTree = "<group>"; };
		D8A64B062353BC1C000613F3 /* AppDelegate.swift */ = {isa = PBXFileReference; lastKnownFileType = sourcecode.swift; path = AppDelegate.swift; sourceTree = "<group>"; };
		D8A64B082353BC1C000613F3 /* SceneDelegate.swift */ = {isa = PBXFileReference; lastKnownFileType = sourcecode.swift; path = SceneDelegate.swift; sourceTree = "<group>"; };
		D8A64B0A2353BC1C000613F3 /* ViewController.swift */ = {isa = PBXFileReference; lastKnownFileType = sourcecode.swift; path = ViewController.swift; sourceTree = "<group>"; };
		D8A64B0D2353BC1C000613F3 /* Base */ = {isa = PBXFileReference; lastKnownFileType = file.storyboard; name = Base; path = Base.lproj/Main.storyboard; sourceTree = "<group>"; };
		D8A64B0F2353BC23000613F3 /* Assets.xcassets */ = {isa = PBXFileReference; lastKnownFileType = folder.assetcatalog; path = Assets.xcassets; sourceTree = "<group>"; };
		D8A64B122353BC23000613F3 /* Base */ = {isa = PBXFileReference; lastKnownFileType = file.storyboard; name = Base; path = Base.lproj/LaunchScreen.storyboard; sourceTree = "<group>"; };
		D8A64B142353BC23000613F3 /* Info.plist */ = {isa = PBXFileReference; lastKnownFileType = text.plist.xml; path = Info.plist; sourceTree = "<group>"; };
		D8A64B1D2353BC24000613F3 /* iLockedTests.swift */ = {isa = PBXFileReference; lastKnownFileType = sourcecode.swift; path = iLockedTests.swift; sourceTree = "<group>"; };
		D8A64B1F2353BC24000613F3 /* Info.plist */ = {isa = PBXFileReference; lastKnownFileType = text.plist.xml; path = Info.plist; sourceTree = "<group>"; };
		D8A64B282353BC24000613F3 /* iLockedUITests.swift */ = {isa = PBXFileReference; lastKnownFileType = sourcecode.swift; path = iLockedUITests.swift; sourceTree = "<group>"; };
		D8A64B2A2353BC24000613F3 /* Info.plist */ = {isa = PBXFileReference; lastKnownFileType = text.plist.xml; path = Info.plist; sourceTree = "<group>"; };
		D8A64B3B2353BC70000613F3 /* KeyId.swift */ = {isa = PBXFileReference; fileEncoding = 4; lastKnownFileType = sourcecode.swift; path = KeyId.swift; sourceTree = "<group>"; };
		D8A64B422353BC9F000613F3 /* AttributedText.swift */ = {isa = PBXFileReference; fileEncoding = 4; lastKnownFileType = sourcecode.swift; path = AttributedText.swift; sourceTree = "<group>"; };
		D8A64B432353BC9F000613F3 /* CustomCellTableView.swift */ = {isa = PBXFileReference; fileEncoding = 4; lastKnownFileType = sourcecode.swift; path = CustomCellTableView.swift; sourceTree = "<group>"; };
		D8A64B442353BCA0000613F3 /* UIButton.swift */ = {isa = PBXFileReference; fileEncoding = 4; lastKnownFileType = sourcecode.swift; path = UIButton.swift; sourceTree = "<group>"; };
		D8A64B452353BCA0000613F3 /* TextView.swift */ = {isa = PBXFileReference; fileEncoding = 4; lastKnownFileType = sourcecode.swift; path = TextView.swift; sourceTree = "<group>"; };
		D8A64B462353BCA0000613F3 /* String.swift */ = {isa = PBXFileReference; fileEncoding = 4; lastKnownFileType = sourcecode.swift; path = String.swift; sourceTree = "<group>"; };
		D8A64B472353BCA0000613F3 /* GifController.swift */ = {isa = PBXFileReference; fileEncoding = 4; lastKnownFileType = sourcecode.swift; path = GifController.swift; sourceTree = "<group>"; };
		D8A64B502353BCC0000613F3 /* AddKey.swift */ = {isa = PBXFileReference; fileEncoding = 4; lastKnownFileType = sourcecode.swift; path = AddKey.swift; sourceTree = "<group>"; };
		D8A64B512353BCC0000613F3 /* DecryptHomePage.swift */ = {isa = PBXFileReference; fileEncoding = 4; lastKnownFileType = sourcecode.swift; path = DecryptHomePage.swift; sourceTree = "<group>"; };
		D8A64B522353BCC0000613F3 /* EncryptResult.swift */ = {isa = PBXFileReference; fileEncoding = 4; lastKnownFileType = sourcecode.swift; path = EncryptResult.swift; sourceTree = "<group>"; };
		D8A64B532353BCC1000613F3 /* EncryptHomePage.swift */ = {isa = PBXFileReference; fileEncoding = 4; lastKnownFileType = sourcecode.swift; path = EncryptHomePage.swift; sourceTree = "<group>"; };
		D8A64B542353BCC1000613F3 /* KeyList.swift */ = {isa = PBXFileReference; fileEncoding = 4; lastKnownFileType = sourcecode.swift; path = KeyList.swift; sourceTree = "<group>"; };
		D8A64B552353BCC1000613F3 /* ShowKey.swift */ = {isa = PBXFileReference; fileEncoding = 4; lastKnownFileType = sourcecode.swift; path = ShowKey.swift; sourceTree = "<group>"; };
		DE53BFCDAF7F2C64B66EA065 /* Pods-iLockedTests.release.xcconfig */ = {isa = PBXFileReference; includeInIndex = 1; lastKnownFileType = text.xcconfig; name = "Pods-iLockedTests.release.xcconfig"; path = "Target Support Files/Pods-iLockedTests/Pods-iLockedTests.release.xcconfig"; sourceTree = "<group>"; };
		E8697C68C65A5966EE08EE0A /* Pods-iLocked.debug.xcconfig */ = {isa = PBXFileReference; includeInIndex = 1; lastKnownFileType = text.xcconfig; name = "Pods-iLocked.debug.xcconfig"; path = "Target Support Files/Pods-iLocked/Pods-iLocked.debug.xcconfig"; sourceTree = "<group>"; };
/* End PBXFileReference section */

/* Begin PBXFrameworksBuildPhase section */
		D8A64B002353BC1C000613F3 /* Frameworks */ = {
			isa = PBXFrameworksBuildPhase;
			buildActionMask = 2147483647;
			files = (
				90ABB45226DC102B005F7497 /* QRCode in Frameworks */,
				90D3679F26C5737D00108B64 /* InAppPurchaseLib in Frameworks */,
				90983B3A26D17C4F007F46BB /* SPConfetti in Frameworks */,
				90CDFAA226CFF674006CF06D /* StoreKit.framework in Frameworks */,
				8B2EBF535CDC2D70F1E25B9E /* Pods_iLocked.framework in Frameworks */,
			);
			runOnlyForDeploymentPostprocessing = 0;
		};
		D8A64B162353BC24000613F3 /* Frameworks */ = {
			isa = PBXFrameworksBuildPhase;
			buildActionMask = 2147483647;
			files = (
				B037C8C84669C52ACFCEFA52 /* Pods_iLockedTests.framework in Frameworks */,
			);
			runOnlyForDeploymentPostprocessing = 0;
		};
		D8A64B212353BC24000613F3 /* Frameworks */ = {
			isa = PBXFrameworksBuildPhase;
			buildActionMask = 2147483647;
			files = (
				18C22E061A4B98701C8A2A80 /* Pods_iLocked_iLockedUITests.framework in Frameworks */,
			);
			runOnlyForDeploymentPostprocessing = 0;
		};
/* End PBXFrameworksBuildPhase section */

/* Begin PBXGroup section */
		44C7AB16ACD18F0EA4077654 /* Pods */ = {
			isa = PBXGroup;
			children = (
				E8697C68C65A5966EE08EE0A /* Pods-iLocked.debug.xcconfig */,
				795E0CE1AEC71C0C257C2D28 /* Pods-iLocked.release.xcconfig */,
				14C5E765DBF4D915D79DC076 /* Pods-iLocked-iLockedUITests.debug.xcconfig */,
				2DCCB26801EC278189163ADF /* Pods-iLocked-iLockedUITests.release.xcconfig */,
				730C3F2FDC83288355D730E1 /* Pods-iLockedTests.debug.xcconfig */,
				DE53BFCDAF7F2C64B66EA065 /* Pods-iLockedTests.release.xcconfig */,
			);
			path = Pods;
			sourceTree = "<group>";
		};
		901BD77426AF1C43009D246D /* Batycroutch */ = {
			isa = PBXGroup;
			children = (
				901BD77526AF1C52009D246D /* BartyCrouch.swift */,
			);
			path = Batycroutch;
			sourceTree = "<group>";
		};
		9058774F2401B483004F1894 /* KeychainWrapper */ = {
			isa = PBXGroup;
			children = (
				90D43B5423FDDB3F00EFE9BD /* KeychainWrapper.swift */,
				90D43B5623FDDB5B00EFE9BD /* KeychainItemAccessibility.swift */,
			);
			path = KeychainWrapper;
			sourceTree = "<group>";
		};
		90B69BE926A2C54F00451DFC /* Tutorial */ = {
			isa = PBXGroup;
			children = (
				90B69BEA26A2C5B700451DFC /* FirstTutoView.swift */,
				90EBFC8126A4D069002B30E9 /* SecondTutoView.swift */,
				901D23A226C9C27500C5DCCA /* ThirdTutoView.swift */,
			);
			path = Tutorial;
			sourceTree = "<group>";
		};
		90CDFAA026CFF674006CF06D /* Frameworks */ = {
			isa = PBXGroup;
			children = (
				90CDFAA126CFF674006CF06D /* StoreKit.framework */,
				51CC857FDA009979BA8EABC3 /* Pods_iLocked.framework */,
				98E3266A737B37B6E5EB8628 /* Pods_iLocked_iLockedUITests.framework */,
				A1F5E282084DD7D32DBD73EC /* Pods_iLockedTests.framework */,
			);
			name = Frameworks;
			sourceTree = "<group>";
		};
		90D43B5323FDDB1900EFE9BD /* Frameworks */ = {
			isa = PBXGroup;
			children = (
				901BD77426AF1C43009D246D /* Batycroutch */,
				9058774F2401B483004F1894 /* KeychainWrapper */,
			);
			path = Frameworks;
			sourceTree = "<group>";
		};
		90EBFC9526ACB6D7002B30E9 /* Controller */ = {
			isa = PBXGroup;
			children = (
				90EBFC9126ACB68C002B30E9 /* TabBarController.swift */,
				90EBFC9326ACB6BD002B30E9 /* NavigationController.swift */,
			);
			path = Controller;
			sourceTree = "<group>";
		};
		D8A64AFA2353BC1C000613F3 = {
			isa = PBXGroup;
			children = (
				D8A64B052353BC1C000613F3 /* iLocked */,
				D8A64B1C2353BC24000613F3 /* iLockedTests */,
				D8A64B272353BC24000613F3 /* iLockedUITests */,
				9074A09525373C1C00983FBC /* iLocked.app */,
				9074A09625373C1C00983FBC /* iLockedTests.xctest */,
				9074A09725373C1C00983FBC /* iLockedUITests.xctest */,
				90CDFAA026CFF674006CF06D /* Frameworks */,
				44C7AB16ACD18F0EA4077654 /* Pods */,
			);
			sourceTree = "<group>";
		};
		D8A64B052353BC1C000613F3 /* iLocked */ = {
			isa = PBXGroup;
			children = (
				909655F924F85615001147B3 /* iLocked.entitlements */,
				90D43B5323FDDB1900EFE9BD /* Frameworks */,
				D8A64B3A2353BC4D000613F3 /* Data */,
				D8A64B382353BC3D000613F3 /* ViewController */,
				90EBFC9526ACB6D7002B30E9 /* Controller */,
				D8A64B412353BC88000613F3 /* Extension */,
				D8A64B362353BC2C000613F3 /* Style */,
				D8A64B062353BC1C000613F3 /* AppDelegate.swift */,
				D8A64B082353BC1C000613F3 /* SceneDelegate.swift */,
				D8A64B0A2353BC1C000613F3 /* ViewController.swift */,
				90EBFC9B26AD8C39002B30E9 /* Localizable.strings */,
				D8A64B0C2353BC1C000613F3 /* Main.storyboard */,
				D8A64B0F2353BC23000613F3 /* Assets.xcassets */,
				D8A64B112353BC23000613F3 /* LaunchScreen.storyboard */,
				D8A64B142353BC23000613F3 /* Info.plist */,
			);
			path = iLocked;
			sourceTree = "<group>";
		};
		D8A64B1C2353BC24000613F3 /* iLockedTests */ = {
			isa = PBXGroup;
			children = (
				D8A64B1D2353BC24000613F3 /* iLockedTests.swift */,
				D8A64B1F2353BC24000613F3 /* Info.plist */,
			);
			path = iLockedTests;
			sourceTree = "<group>";
		};
		D8A64B272353BC24000613F3 /* iLockedUITests */ = {
			isa = PBXGroup;
			children = (
				D8A64B282353BC24000613F3 /* iLockedUITests.swift */,
				D8A64B2A2353BC24000613F3 /* Info.plist */,
			);
			path = iLockedUITests;
			sourceTree = "<group>";
		};
		D8A64B362353BC2C000613F3 /* Style */ = {
			isa = PBXGroup;
			children = (
				D8A64B372353BC38000613F3 /* Gif */,
				904063AB26971CCD00946518 /* Colors.swift */,
			);
			path = Style;
			sourceTree = "<group>";
		};
		D8A64B372353BC38000613F3 /* Gif */ = {
			isa = PBXGroup;
			children = (
				90D367A626C5966F00108B64 /* animated_logo_high_gray.gif */,
				90D367A426C595E900108B64 /* animated_logo_ilocked_high.gif */,
				90D367A026C586CF00108B64 /* logo_animated_ilocked.gif */,
			);
			path = Gif;
			sourceTree = "<group>";
		};
		D8A64B382353BC3D000613F3 /* ViewController */ = {
			isa = PBXGroup;
			children = (
				90B69BE926A2C54F00451DFC /* Tutorial */,
				D8A64B502353BCC0000613F3 /* AddKey.swift */,
				D8A64B512353BCC0000613F3 /* DecryptHomePage.swift */,
				D8A64B532353BCC1000613F3 /* EncryptHomePage.swift */,
				D8A64B522353BCC0000613F3 /* EncryptResult.swift */,
				D8A64B542353BCC1000613F3 /* KeyList.swift */,
				D8A64B552353BCC1000613F3 /* ShowKey.swift */,
				D820B849235E359D006CEB38 /* DecryptedResult.swift */,
				90EBFC8D26AC7FC3002B30E9 /* GenerateKeysView.swift */,
				9013F7F226B05FC300CC7361 /* ExportKeys.swift */,
				90ABB45326DC23DF005F7497 /* QRCodeView.swift */,
				D820B84D235E5EB1006CEB38 /* LockedView.swift */,
				90B886FB23F7F31A00035C82 /* Settings.swift */,
				906207D025914ECE00E98F90 /* Revoke.swift */,
				90EEEAFC266E7D0C00A158DA /* donationView.swift */,
				906CE59225DDA53D007B8E08 /* AdvancedSettings.swift */,
				9014387E26D807EA00384EB4 /* LogView.swift */,
				90EE52B1267675FB00C506AA /* WebView.swift */,
				90B69BE1269DB58A00451DFC /* FirstWelcomeView.swift */,
				90B69BE326A08FA700451DFC /* SecondWelcomeView.swift */,
				908AE09826B554570032D74A /* ImportKeys.swift */,
				90D367A226C58FA800108B64 /* UpgradePage.swift */,
				901F8D3B26DD14F4001BCD17 /* QRCodeReader.swift */,
			);
			path = ViewController;
			sourceTree = "<group>";
		};
		D8A64B3A2353BC4D000613F3 /* Data */ = {
			isa = PBXGroup;
			children = (
				D8A64B3B2353BC70000613F3 /* KeyId.swift */,
				D820B8532363909C006CEB38 /* publicPrivateKeys.swift */,
				D8416D352364ED5100A0B038 /* Encryption.swift */,
				D8416D372364F62700A0B038 /* Decryption.swift */,
				90DB59A82416B03F001189C5 /* SettingsData.swift */,
				9014387C26D6687700384EB4 /* Logs.swift */,
				901F8D3426DC3C25001BCD17 /* QRCodeData.swift */,
			);
			path = Data;
			sourceTree = "<group>";
		};
		D8A64B412353BC88000613F3 /* Extension */ = {
			isa = PBXGroup;
			children = (
				D8A64B422353BC9F000613F3 /* AttributedText.swift */,
				D8A64B432353BC9F000613F3 /* CustomCellTableView.swift */,
				D8A64B472353BCA0000613F3 /* GifController.swift */,
				D8A64B462353BCA0000613F3 /* String.swift */,
				D8A64B452353BCA0000613F3 /* TextView.swift */,
				D8A64B442353BCA0000613F3 /* UIButton.swift */,
				D820B847235E3559006CEB38 /* UIView.swift */,
				9048E65C23FB017800098C73 /* Dictionary.swift */,
				904063A926949B1600946518 /* UIWindow.swift */,
				90CDFA9E26CEED96006CF06D /* UIImage.swift */,
				9031317B26D91A9E0085C9E2 /* Bundle.swift */,
				900BEE4126D9493F00426C11 /* SwiftyRSA.swift */,
				901F8D3626DC3FF3001BCD17 /* Data.swift */,
			);
			path = Extension;
			sourceTree = "<group>";
		};
/* End PBXGroup section */

/* Begin PBXNativeTarget section */
		D8A64B022353BC1C000613F3 /* iLocked */ = {
			isa = PBXNativeTarget;
			buildConfigurationList = D8A64B2D2353BC24000613F3 /* Build configuration list for PBXNativeTarget "iLocked" */;
			buildPhases = (
				24130DD1C8E8CB2948588BC0 /* [CP] Check Pods Manifest.lock */,
				909D26C423FDD5FA00B5C9CD /* CopyFiles */,
				D8A64AFF2353BC1C000613F3 /* Sources */,
				D8A64B002353BC1C000613F3 /* Frameworks */,
				D8A64B012353BC1C000613F3 /* Resources */,
				90B4CACF25CA0A2A00D6119B /* ShellScript */,
				E785E6545F102E0D03C2F8C1 /* [CP] Embed Pods Frameworks */,
			);
			buildRules = (
			);
			dependencies = (
			);
			name = iLocked;
			packageProductDependencies = (
				90D3679E26C5737D00108B64 /* InAppPurchaseLib */,
				90983B3926D17C4F007F46BB /* SPConfetti */,
				90ABB45126DC102B005F7497 /* QRCode */,
			);
			productName = iLocked;
			productReference = 9074A09525373C1C00983FBC /* iLocked.app */;
			productType = "com.apple.product-type.application";
		};
		D8A64B182353BC24000613F3 /* iLockedTests */ = {
			isa = PBXNativeTarget;
			buildConfigurationList = D8A64B302353BC24000613F3 /* Build configuration list for PBXNativeTarget "iLockedTests" */;
			buildPhases = (
				FFA548DD0885DCD976E0241D /* [CP] Check Pods Manifest.lock */,
				D8A64B152353BC24000613F3 /* Sources */,
				D8A64B162353BC24000613F3 /* Frameworks */,
				D8A64B172353BC24000613F3 /* Resources */,
			);
			buildRules = (
			);
			dependencies = (
				D8A64B1B2353BC24000613F3 /* PBXTargetDependency */,
			);
			name = iLockedTests;
			productName = iLockedTests;
			productReference = 9074A09625373C1C00983FBC /* iLockedTests.xctest */;
			productType = "com.apple.product-type.bundle.unit-test";
		};
		D8A64B232353BC24000613F3 /* iLockedUITests */ = {
			isa = PBXNativeTarget;
			buildConfigurationList = D8A64B332353BC24000613F3 /* Build configuration list for PBXNativeTarget "iLockedUITests" */;
			buildPhases = (
				8BFF87C255A1C3AE90403132 /* [CP] Check Pods Manifest.lock */,
				D8A64B202353BC24000613F3 /* Sources */,
				D8A64B212353BC24000613F3 /* Frameworks */,
				D8A64B222353BC24000613F3 /* Resources */,
				D929CF1090988723D4C97791 /* [CP] Embed Pods Frameworks */,
			);
			buildRules = (
			);
			dependencies = (
				D8A64B262353BC24000613F3 /* PBXTargetDependency */,
			);
			name = iLockedUITests;
			productName = iLockedUITests;
			productReference = 9074A09725373C1C00983FBC /* iLockedUITests.xctest */;
			productType = "com.apple.product-type.bundle.ui-testing";
		};
/* End PBXNativeTarget section */

/* Begin PBXProject section */
		D8A64AFB2353BC1C000613F3 /* Project object */ = {
			isa = PBXProject;
			attributes = {
				LastSwiftUpdateCheck = 1100;
				LastUpgradeCheck = 1200;
				ORGANIZATIONNAME = Nathan;
				TargetAttributes = {
					D8A64B022353BC1C000613F3 = {
						CreatedOnToolsVersion = 11.0;
					};
					D8A64B182353BC24000613F3 = {
						CreatedOnToolsVersion = 11.0;
						TestTargetID = D8A64B022353BC1C000613F3;
					};
					D8A64B232353BC24000613F3 = {
						CreatedOnToolsVersion = 11.0;
						TestTargetID = D8A64B022353BC1C000613F3;
					};
				};
			};
			buildConfigurationList = D8A64AFE2353BC1C000613F3 /* Build configuration list for PBXProject "iLocked" */;
			compatibilityVersion = "Xcode 9.3";
			developmentRegion = en;
			hasScannedForEncodings = 0;
			knownRegions = (
				en,
				Base,
				fr,
			);
			mainGroup = D8A64AFA2353BC1C000613F3;
			packageReferences = (
				90D3679D26C5737C00108B64 /* XCRemoteSwiftPackageReference "iap-swift-lib" */,
				90983B3826D17C4E007F46BB /* XCRemoteSwiftPackageReference "SPConfetti" */,
				90ABB45026DC102B005F7497 /* XCRemoteSwiftPackageReference "QRCode" */,
			);
			productRefGroup = D8A64AFA2353BC1C000613F3;
			projectDirPath = "";
			projectRoot = "";
			targets = (
				D8A64B022353BC1C000613F3 /* iLocked */,
				D8A64B182353BC24000613F3 /* iLockedTests */,
				D8A64B232353BC24000613F3 /* iLockedUITests */,
			);
		};
/* End PBXProject section */

/* Begin PBXResourcesBuildPhase section */
		D8A64B012353BC1C000613F3 /* Resources */ = {
			isa = PBXResourcesBuildPhase;
			buildActionMask = 2147483647;
			files = (
				90EBFC9926AD8C39002B30E9 /* Localizable.strings in Resources */,
				90D367A126C586CF00108B64 /* logo_animated_ilocked.gif in Resources */,
				90D367A526C595EA00108B64 /* animated_logo_ilocked_high.gif in Resources */,
				D8A64B132353BC23000613F3 /* LaunchScreen.storyboard in Resources */,
				90D367A726C5966F00108B64 /* animated_logo_high_gray.gif in Resources */,
				D8A64B102353BC23000613F3 /* Assets.xcassets in Resources */,
				D8A64B0E2353BC1C000613F3 /* Main.storyboard in Resources */,
			);
			runOnlyForDeploymentPostprocessing = 0;
		};
		D8A64B172353BC24000613F3 /* Resources */ = {
			isa = PBXResourcesBuildPhase;
			buildActionMask = 2147483647;
			files = (
			);
			runOnlyForDeploymentPostprocessing = 0;
		};
		D8A64B222353BC24000613F3 /* Resources */ = {
			isa = PBXResourcesBuildPhase;
			buildActionMask = 2147483647;
			files = (
			);
			runOnlyForDeploymentPostprocessing = 0;
		};
/* End PBXResourcesBuildPhase section */

/* Begin PBXShellScriptBuildPhase section */
		24130DD1C8E8CB2948588BC0 /* [CP] Check Pods Manifest.lock */ = {
			isa = PBXShellScriptBuildPhase;
			buildActionMask = 2147483647;
			files = (
			);
			inputFileListPaths = (
			);
			inputPaths = (
				"${PODS_PODFILE_DIR_PATH}/Podfile.lock",
				"${PODS_ROOT}/Manifest.lock",
			);
			name = "[CP] Check Pods Manifest.lock";
			outputFileListPaths = (
			);
			outputPaths = (
				"$(DERIVED_FILE_DIR)/Pods-iLocked-checkManifestLockResult.txt",
			);
			runOnlyForDeploymentPostprocessing = 0;
			shellPath = /bin/sh;
			shellScript = "diff \"${PODS_PODFILE_DIR_PATH}/Podfile.lock\" \"${PODS_ROOT}/Manifest.lock\" > /dev/null\nif [ $? != 0 ] ; then\n    # print error to STDERR\n    echo \"error: The sandbox is not in sync with the Podfile.lock. Run 'pod install' or update your CocoaPods installation.\" >&2\n    exit 1\nfi\n# This output is used by Xcode 'outputs' to avoid re-running this script phase.\necho \"SUCCESS\" > \"${SCRIPT_OUTPUT_FILE_0}\"\n";
			showEnvVarsInLog = 0;
		};
		8BFF87C255A1C3AE90403132 /* [CP] Check Pods Manifest.lock */ = {
			isa = PBXShellScriptBuildPhase;
			buildActionMask = 2147483647;
			files = (
			);
			inputFileListPaths = (
			);
			inputPaths = (
				"${PODS_PODFILE_DIR_PATH}/Podfile.lock",
				"${PODS_ROOT}/Manifest.lock",
			);
			name = "[CP] Check Pods Manifest.lock";
			outputFileListPaths = (
			);
			outputPaths = (
				"$(DERIVED_FILE_DIR)/Pods-iLocked-iLockedUITests-checkManifestLockResult.txt",
			);
			runOnlyForDeploymentPostprocessing = 0;
			shellPath = /bin/sh;
			shellScript = "diff \"${PODS_PODFILE_DIR_PATH}/Podfile.lock\" \"${PODS_ROOT}/Manifest.lock\" > /dev/null\nif [ $? != 0 ] ; then\n    # print error to STDERR\n    echo \"error: The sandbox is not in sync with the Podfile.lock. Run 'pod install' or update your CocoaPods installation.\" >&2\n    exit 1\nfi\n# This output is used by Xcode 'outputs' to avoid re-running this script phase.\necho \"SUCCESS\" > \"${SCRIPT_OUTPUT_FILE_0}\"\n";
			showEnvVarsInLog = 0;
		};
		90B4CACF25CA0A2A00D6119B /* ShellScript */ = {
			isa = PBXShellScriptBuildPhase;
			buildActionMask = 2147483647;
			files = (
			);
			inputFileListPaths = (
			);
			inputPaths = (
			);
			outputFileListPaths = (
			);
			outputPaths = (
			);
			runOnlyForDeploymentPostprocessing = 0;
			shellPath = /bin/sh;
			shellScript = "#if which swiftlint >/dev/null; then\n  #  swiftlint\n#else\n #   echo \"warning: SwiftLint not installed, download from https://github.com/realm/SwiftLint\"\n#fi'''\n";
		};
		D929CF1090988723D4C97791 /* [CP] Embed Pods Frameworks */ = {
			isa = PBXShellScriptBuildPhase;
			buildActionMask = 2147483647;
			files = (
			);
			inputFileListPaths = (
				"${PODS_ROOT}/Target Support Files/Pods-iLocked-iLockedUITests/Pods-iLocked-iLockedUITests-frameworks-${CONFIGURATION}-input-files.xcfilelist",
			);
			name = "[CP] Embed Pods Frameworks";
			outputFileListPaths = (
				"${PODS_ROOT}/Target Support Files/Pods-iLocked-iLockedUITests/Pods-iLocked-iLockedUITests-frameworks-${CONFIGURATION}-output-files.xcfilelist",
			);
			runOnlyForDeploymentPostprocessing = 0;
			shellPath = /bin/sh;
			shellScript = "\"${PODS_ROOT}/Target Support Files/Pods-iLocked-iLockedUITests/Pods-iLocked-iLockedUITests-frameworks.sh\"\n";
			showEnvVarsInLog = 0;
		};
		E785E6545F102E0D03C2F8C1 /* [CP] Embed Pods Frameworks */ = {
			isa = PBXShellScriptBuildPhase;
			buildActionMask = 2147483647;
			files = (
			);
			inputFileListPaths = (
				"${PODS_ROOT}/Target Support Files/Pods-iLocked/Pods-iLocked-frameworks-${CONFIGURATION}-input-files.xcfilelist",
			);
			name = "[CP] Embed Pods Frameworks";
			outputFileListPaths = (
				"${PODS_ROOT}/Target Support Files/Pods-iLocked/Pods-iLocked-frameworks-${CONFIGURATION}-output-files.xcfilelist",
			);
			runOnlyForDeploymentPostprocessing = 0;
			shellPath = /bin/sh;
			shellScript = "\"${PODS_ROOT}/Target Support Files/Pods-iLocked/Pods-iLocked-frameworks.sh\"\n";
			showEnvVarsInLog = 0;
		};
		FFA548DD0885DCD976E0241D /* [CP] Check Pods Manifest.lock */ = {
			isa = PBXShellScriptBuildPhase;
			buildActionMask = 2147483647;
			files = (
			);
			inputFileListPaths = (
			);
			inputPaths = (
				"${PODS_PODFILE_DIR_PATH}/Podfile.lock",
				"${PODS_ROOT}/Manifest.lock",
			);
			name = "[CP] Check Pods Manifest.lock";
			outputFileListPaths = (
			);
			outputPaths = (
				"$(DERIVED_FILE_DIR)/Pods-iLockedTests-checkManifestLockResult.txt",
			);
			runOnlyForDeploymentPostprocessing = 0;
			shellPath = /bin/sh;
			shellScript = "diff \"${PODS_PODFILE_DIR_PATH}/Podfile.lock\" \"${PODS_ROOT}/Manifest.lock\" > /dev/null\nif [ $? != 0 ] ; then\n    # print error to STDERR\n    echo \"error: The sandbox is not in sync with the Podfile.lock. Run 'pod install' or update your CocoaPods installation.\" >&2\n    exit 1\nfi\n# This output is used by Xcode 'outputs' to avoid re-running this script phase.\necho \"SUCCESS\" > \"${SCRIPT_OUTPUT_FILE_0}\"\n";
			showEnvVarsInLog = 0;
		};
/* End PBXShellScriptBuildPhase section */

/* Begin PBXSourcesBuildPhase section */
		D8A64AFF2353BC1C000613F3 /* Sources */ = {
			isa = PBXSourcesBuildPhase;
			buildActionMask = 2147483647;
			files = (
				90EBFC9226ACB68C002B30E9 /* TabBarController.swift in Sources */,
				D8A64B3C2353BC70000613F3 /* KeyId.swift in Sources */,
				900BEE4226D9493F00426C11 /* SwiftyRSA.swift in Sources */,
				D8A64B562353BCC1000613F3 /* AddKey.swift in Sources */,
				D8A64B4B2353BCA0000613F3 /* TextView.swift in Sources */,
				D8A64B0B2353BC1C000613F3 /* ViewController.swift in Sources */,
				D8A64B4C2353BCA0000613F3 /* String.swift in Sources */,
				D8A64B572353BCC1000613F3 /* DecryptHomePage.swift in Sources */,
				D8A64B5B2353BCC1000613F3 /* ShowKey.swift in Sources */,
				D8A64B492353BCA0000613F3 /* CustomCellTableView.swift in Sources */,
				D8A64B072353BC1C000613F3 /* AppDelegate.swift in Sources */,
				90EBFC8E26AC7FC3002B30E9 /* GenerateKeysView.swift in Sources */,
				901F8D3C26DD14F4001BCD17 /* QRCodeReader.swift in Sources */,
				90ABB45426DC23DF005F7497 /* QRCodeView.swift in Sources */,
				D8A64B4D2353BCA0000613F3 /* GifController.swift in Sources */,
				D8416D362364ED5100A0B038 /* Encryption.swift in Sources */,
				901F8D3526DC3C25001BCD17 /* QRCodeData.swift in Sources */,
				901BD77626AF1C52009D246D /* BartyCrouch.swift in Sources */,
				90D43B5523FDDB3F00EFE9BD /* KeychainWrapper.swift in Sources */,
				904063AA26949B1600946518 /* UIWindow.swift in Sources */,
				D8A64B4A2353BCA0000613F3 /* UIButton.swift in Sources */,
				906207D125914ECE00E98F90 /* Revoke.swift in Sources */,
				90B69BE426A08FA800451DFC /* SecondWelcomeView.swift in Sources */,
				D8A64B482353BCA0000613F3 /* AttributedText.swift in Sources */,
				90CDFA9F26CEED96006CF06D /* UIImage.swift in Sources */,
				90EE52B2267675FB00C506AA /* WebView.swift in Sources */,
				90EBFC9426ACB6BD002B30E9 /* NavigationController.swift in Sources */,
				901D23A326C9C27500C5DCCA /* ThirdTutoView.swift in Sources */,
				904063AC26971CCD00946518 /* Colors.swift in Sources */,
				D8A64B592353BCC1000613F3 /* EncryptHomePage.swift in Sources */,
				9031317C26D91A9E0085C9E2 /* Bundle.swift in Sources */,
				90B69BE2269DB58A00451DFC /* FirstWelcomeView.swift in Sources */,
				908AE09926B554570032D74A /* ImportKeys.swift in Sources */,
				90D367A326C58FA800108B64 /* UpgradePage.swift in Sources */,
				9048E65D23FB017800098C73 /* Dictionary.swift in Sources */,
				D820B84A235E359D006CEB38 /* DecryptedResult.swift in Sources */,
				D8416D382364F62700A0B038 /* Decryption.swift in Sources */,
				D8A64B5A2353BCC1000613F3 /* KeyList.swift in Sources */,
				90B886FC23F7F31A00035C82 /* Settings.swift in Sources */,
				90EEEAFD266E7D0C00A158DA /* donationView.swift in Sources */,
				90EBFC8226A4D069002B30E9 /* SecondTutoView.swift in Sources */,
				906CE59325DDA53D007B8E08 /* AdvancedSettings.swift in Sources */,
				9014387F26D807EA00384EB4 /* LogView.swift in Sources */,
				9014387D26D6687700384EB4 /* Logs.swift in Sources */,
				D820B8542363909C006CEB38 /* publicPrivateKeys.swift in Sources */,
				D820B84E235E5EB1006CEB38 /* LockedView.swift in Sources */,
				901F8D3726DC3FF3001BCD17 /* Data.swift in Sources */,
				90D43B5723FDDB5B00EFE9BD /* KeychainItemAccessibility.swift in Sources */,
				90DB59A92416B03F001189C5 /* SettingsData.swift in Sources */,
				D8A64B582353BCC1000613F3 /* EncryptResult.swift in Sources */,
				9013F7F326B05FC300CC7361 /* ExportKeys.swift in Sources */,
				D820B848235E3559006CEB38 /* UIView.swift in Sources */,
				D8A64B092353BC1C000613F3 /* SceneDelegate.swift in Sources */,
				90B69BEB26A2C5B700451DFC /* FirstTutoView.swift in Sources */,
			);
			runOnlyForDeploymentPostprocessing = 0;
		};
		D8A64B152353BC24000613F3 /* Sources */ = {
			isa = PBXSourcesBuildPhase;
			buildActionMask = 2147483647;
			files = (
				D8A64B1E2353BC24000613F3 /* iLockedTests.swift in Sources */,
			);
			runOnlyForDeploymentPostprocessing = 0;
		};
		D8A64B202353BC24000613F3 /* Sources */ = {
			isa = PBXSourcesBuildPhase;
			buildActionMask = 2147483647;
			files = (
				D8A64B292353BC24000613F3 /* iLockedUITests.swift in Sources */,
			);
			runOnlyForDeploymentPostprocessing = 0;
		};
/* End PBXSourcesBuildPhase section */

/* Begin PBXTargetDependency section */
		D8A64B1B2353BC24000613F3 /* PBXTargetDependency */ = {
			isa = PBXTargetDependency;
			target = D8A64B022353BC1C000613F3 /* iLocked */;
			targetProxy = D8A64B1A2353BC24000613F3 /* PBXContainerItemProxy */;
		};
		D8A64B262353BC24000613F3 /* PBXTargetDependency */ = {
			isa = PBXTargetDependency;
			target = D8A64B022353BC1C000613F3 /* iLocked */;
			targetProxy = D8A64B252353BC24000613F3 /* PBXContainerItemProxy */;
		};
/* End PBXTargetDependency section */

/* Begin PBXVariantGroup section */
		90EBFC9B26AD8C39002B30E9 /* Localizable.strings */ = {
			isa = PBXVariantGroup;
			children = (
				90EBFC9A26AD8C39002B30E9 /* fr */,
			);
			name = Localizable.strings;
			path = iLocked;
			sourceTree = SOURCE_ROOT;
		};
		D8A64B0C2353BC1C000613F3 /* Main.storyboard */ = {
			isa = PBXVariantGroup;
			children = (
				D8A64B0D2353BC1C000613F3 /* Base */,
				90EBFC9626ACD030002B30E9 /* fr */,
			);
			name = Main.storyboard;
			sourceTree = "<group>";
		};
		D8A64B112353BC23000613F3 /* LaunchScreen.storyboard */ = {
			isa = PBXVariantGroup;
			children = (
				D8A64B122353BC23000613F3 /* Base */,
			);
			name = LaunchScreen.storyboard;
			sourceTree = "<group>";
		};
/* End PBXVariantGroup section */

/* Begin XCBuildConfiguration section */
		D8A64B2B2353BC24000613F3 /* Debug */ = {
			isa = XCBuildConfiguration;
			buildSettings = {
				ALWAYS_SEARCH_USER_PATHS = NO;
				CLANG_ANALYZER_LOCALIZABILITY_NONLOCALIZED = YES;
				CLANG_ANALYZER_NONNULL = YES;
				CLANG_ANALYZER_NUMBER_OBJECT_CONVERSION = YES_AGGRESSIVE;
				CLANG_CXX_LANGUAGE_STANDARD = "gnu++14";
				CLANG_CXX_LIBRARY = "libc++";
				CLANG_ENABLE_MODULES = YES;
				CLANG_ENABLE_OBJC_ARC = YES;
				CLANG_ENABLE_OBJC_WEAK = YES;
				CLANG_WARN_BLOCK_CAPTURE_AUTORELEASING = YES;
				CLANG_WARN_BOOL_CONVERSION = YES;
				CLANG_WARN_COMMA = YES;
				CLANG_WARN_CONSTANT_CONVERSION = YES;
				CLANG_WARN_DEPRECATED_OBJC_IMPLEMENTATIONS = YES;
				CLANG_WARN_DIRECT_OBJC_ISA_USAGE = YES_ERROR;
				CLANG_WARN_DOCUMENTATION_COMMENTS = YES;
				CLANG_WARN_EMPTY_BODY = YES;
				CLANG_WARN_ENUM_CONVERSION = YES;
				CLANG_WARN_INFINITE_RECURSION = YES;
				CLANG_WARN_INT_CONVERSION = YES;
				CLANG_WARN_NON_LITERAL_NULL_CONVERSION = YES;
				CLANG_WARN_OBJC_IMPLICIT_RETAIN_SELF = YES;
				CLANG_WARN_OBJC_LITERAL_CONVERSION = YES;
				CLANG_WARN_OBJC_ROOT_CLASS = YES_ERROR;
				CLANG_WARN_QUOTED_INCLUDE_IN_FRAMEWORK_HEADER = YES;
				CLANG_WARN_RANGE_LOOP_ANALYSIS = YES;
				CLANG_WARN_STRICT_PROTOTYPES = YES;
				CLANG_WARN_SUSPICIOUS_MOVE = YES;
				CLANG_WARN_UNGUARDED_AVAILABILITY = YES_AGGRESSIVE;
				CLANG_WARN_UNREACHABLE_CODE = YES;
				CLANG_WARN__DUPLICATE_METHOD_MATCH = YES;
				CODE_SIGN_IDENTITY = "iPhone Developer";
				COPY_PHASE_STRIP = NO;
				DEBUG_INFORMATION_FORMAT = dwarf;
				ENABLE_STRICT_OBJC_MSGSEND = YES;
				ENABLE_TESTABILITY = YES;
				EXCLUDED_ARCHS = "";
				GCC_C_LANGUAGE_STANDARD = gnu11;
				GCC_DYNAMIC_NO_PIC = NO;
				GCC_NO_COMMON_BLOCKS = YES;
				GCC_OPTIMIZATION_LEVEL = 0;
				GCC_PREPROCESSOR_DEFINITIONS = (
					"DEBUG=1",
					"$(inherited)",
				);
				GCC_WARN_64_TO_32_BIT_CONVERSION = YES;
				GCC_WARN_ABOUT_RETURN_TYPE = YES_ERROR;
				GCC_WARN_UNDECLARED_SELECTOR = YES;
				GCC_WARN_UNINITIALIZED_AUTOS = YES_AGGRESSIVE;
				GCC_WARN_UNUSED_FUNCTION = YES;
				GCC_WARN_UNUSED_VARIABLE = YES;
				IPHONEOS_DEPLOYMENT_TARGET = 13.0;
				MTL_ENABLE_DEBUG_INFO = INCLUDE_SOURCE;
				MTL_FAST_MATH = YES;
				ONLY_ACTIVE_ARCH = YES;
				SDKROOT = iphoneos;
				SWIFT_ACTIVE_COMPILATION_CONDITIONS = DEBUG;
				SWIFT_OPTIMIZATION_LEVEL = "-Onone";
			};
			name = Debug;
		};
		D8A64B2C2353BC24000613F3 /* Release */ = {
			isa = XCBuildConfiguration;
			buildSettings = {
				ALWAYS_SEARCH_USER_PATHS = NO;
				CLANG_ANALYZER_LOCALIZABILITY_NONLOCALIZED = YES;
				CLANG_ANALYZER_NONNULL = YES;
				CLANG_ANALYZER_NUMBER_OBJECT_CONVERSION = YES_AGGRESSIVE;
				CLANG_CXX_LANGUAGE_STANDARD = "gnu++14";
				CLANG_CXX_LIBRARY = "libc++";
				CLANG_ENABLE_MODULES = YES;
				CLANG_ENABLE_OBJC_ARC = YES;
				CLANG_ENABLE_OBJC_WEAK = YES;
				CLANG_WARN_BLOCK_CAPTURE_AUTORELEASING = YES;
				CLANG_WARN_BOOL_CONVERSION = YES;
				CLANG_WARN_COMMA = YES;
				CLANG_WARN_CONSTANT_CONVERSION = YES;
				CLANG_WARN_DEPRECATED_OBJC_IMPLEMENTATIONS = YES;
				CLANG_WARN_DIRECT_OBJC_ISA_USAGE = YES_ERROR;
				CLANG_WARN_DOCUMENTATION_COMMENTS = YES;
				CLANG_WARN_EMPTY_BODY = YES;
				CLANG_WARN_ENUM_CONVERSION = YES;
				CLANG_WARN_INFINITE_RECURSION = YES;
				CLANG_WARN_INT_CONVERSION = YES;
				CLANG_WARN_NON_LITERAL_NULL_CONVERSION = YES;
				CLANG_WARN_OBJC_IMPLICIT_RETAIN_SELF = YES;
				CLANG_WARN_OBJC_LITERAL_CONVERSION = YES;
				CLANG_WARN_OBJC_ROOT_CLASS = YES_ERROR;
				CLANG_WARN_QUOTED_INCLUDE_IN_FRAMEWORK_HEADER = YES;
				CLANG_WARN_RANGE_LOOP_ANALYSIS = YES;
				CLANG_WARN_STRICT_PROTOTYPES = YES;
				CLANG_WARN_SUSPICIOUS_MOVE = YES;
				CLANG_WARN_UNGUARDED_AVAILABILITY = YES_AGGRESSIVE;
				CLANG_WARN_UNREACHABLE_CODE = YES;
				CLANG_WARN__DUPLICATE_METHOD_MATCH = YES;
				CODE_SIGN_IDENTITY = "iPhone Developer";
				COPY_PHASE_STRIP = NO;
				DEBUG_INFORMATION_FORMAT = "dwarf-with-dsym";
				ENABLE_NS_ASSERTIONS = NO;
				ENABLE_STRICT_OBJC_MSGSEND = YES;
				EXCLUDED_ARCHS = "";
				GCC_C_LANGUAGE_STANDARD = gnu11;
				GCC_NO_COMMON_BLOCKS = YES;
				GCC_WARN_64_TO_32_BIT_CONVERSION = YES;
				GCC_WARN_ABOUT_RETURN_TYPE = YES_ERROR;
				GCC_WARN_UNDECLARED_SELECTOR = YES;
				GCC_WARN_UNINITIALIZED_AUTOS = YES_AGGRESSIVE;
				GCC_WARN_UNUSED_FUNCTION = YES;
				GCC_WARN_UNUSED_VARIABLE = YES;
				IPHONEOS_DEPLOYMENT_TARGET = 13.0;
				MTL_ENABLE_DEBUG_INFO = NO;
				MTL_FAST_MATH = YES;
				SDKROOT = iphoneos;
				SWIFT_COMPILATION_MODE = wholemodule;
				SWIFT_OPTIMIZATION_LEVEL = "-O";
				VALIDATE_PRODUCT = YES;
			};
			name = Release;
		};
		D8A64B2E2353BC24000613F3 /* Debug */ = {
			isa = XCBuildConfiguration;
			baseConfigurationReference = E8697C68C65A5966EE08EE0A /* Pods-iLocked.debug.xcconfig */;
			buildSettings = {
				ASSETCATALOG_COMPILER_APPICON_NAME = AppIcon;
				CODE_SIGN_ENTITLEMENTS = iLocked/iLocked.entitlements;
				CODE_SIGN_IDENTITY = "Apple Development";
				CODE_SIGN_STYLE = Automatic;
				CURRENT_PROJECT_VERSION = 5;
				DEVELOPMENT_TEAM = 3T8JC8YTSR;
				FRAMEWORK_SEARCH_PATHS = "$(inherited)";
				HEADER_SEARCH_PATHS = "$(inherited)";
				INFOPLIST_FILE = iLocked/Info.plist;
				LD_RUNPATH_SEARCH_PATHS = (
					"$(inherited)",
					"@executable_path/Frameworks",
				);
				MARKETING_VERSION = 1.1.0;
				PRODUCT_BUNDLE_IDENTIFIER = com.nat.iLocked;
				PRODUCT_NAME = "$(TARGET_NAME)";
				PROVISIONING_PROFILE_SPECIFIER = "";
				SUPPORTS_MACCATALYST = YES;
				SWIFT_OBJC_BRIDGING_HEADER = "";
				SWIFT_VERSION = 5.0;
				TARGETED_DEVICE_FAMILY = "1,2";
			};
			name = Debug;
		};
		D8A64B2F2353BC24000613F3 /* Release */ = {
			isa = XCBuildConfiguration;
			baseConfigurationReference = 795E0CE1AEC71C0C257C2D28 /* Pods-iLocked.release.xcconfig */;
			buildSettings = {
				ASSETCATALOG_COMPILER_APPICON_NAME = AppIcon;
				CODE_SIGN_ENTITLEMENTS = iLocked/iLocked.entitlements;
				CODE_SIGN_IDENTITY = "Apple Development";
				CODE_SIGN_STYLE = Automatic;
				CURRENT_PROJECT_VERSION = 5;
				DEVELOPMENT_TEAM = 3T8JC8YTSR;
				FRAMEWORK_SEARCH_PATHS = "$(inherited)";
				HEADER_SEARCH_PATHS = "$(inherited)";
				INFOPLIST_FILE = iLocked/Info.plist;
				LD_RUNPATH_SEARCH_PATHS = (
					"$(inherited)",
					"@executable_path/Frameworks",
				);
				MARKETING_VERSION = 1.1.0;
				PRODUCT_BUNDLE_IDENTIFIER = com.nat.iLocked;
				PRODUCT_NAME = "$(TARGET_NAME)";
				PROVISIONING_PROFILE_SPECIFIER = "";
				SUPPORTS_MACCATALYST = YES;
				SWIFT_OBJC_BRIDGING_HEADER = "";
				SWIFT_VERSION = 5.0;
				TARGETED_DEVICE_FAMILY = "1,2";
			};
			name = Release;
		};
		D8A64B312353BC24000613F3 /* Debug */ = {
			isa = XCBuildConfiguration;
			baseConfigurationReference = 730C3F2FDC83288355D730E1 /* Pods-iLockedTests.debug.xcconfig */;
			buildSettings = {
				ALWAYS_EMBED_SWIFT_STANDARD_LIBRARIES = YES;
				BUNDLE_LOADER = "$(TEST_HOST)";
				CODE_SIGN_STYLE = Automatic;
				DEVELOPMENT_TEAM = 3T8JC8YTSR;
				INFOPLIST_FILE = iLockedTests/Info.plist;
				IPHONEOS_DEPLOYMENT_TARGET = 13.0;
				LD_RUNPATH_SEARCH_PATHS = (
					"$(inherited)",
					"@executable_path/Frameworks",
					"@loader_path/Frameworks",
				);
				PRODUCT_BUNDLE_IDENTIFIER = com.nat.iLockedTests;
				PRODUCT_NAME = "$(TARGET_NAME)";
				SWIFT_VERSION = 5.0;
				TARGETED_DEVICE_FAMILY = "1,2";
				TEST_HOST = "$(BUILT_PRODUCTS_DIR)/iLocked.app/iLocked";
			};
			name = Debug;
		};
		D8A64B322353BC24000613F3 /* Release */ = {
			isa = XCBuildConfiguration;
			baseConfigurationReference = DE53BFCDAF7F2C64B66EA065 /* Pods-iLockedTests.release.xcconfig */;
			buildSettings = {
				ALWAYS_EMBED_SWIFT_STANDARD_LIBRARIES = YES;
				BUNDLE_LOADER = "$(TEST_HOST)";
				CODE_SIGN_STYLE = Automatic;
				DEVELOPMENT_TEAM = 3T8JC8YTSR;
				INFOPLIST_FILE = iLockedTests/Info.plist;
				IPHONEOS_DEPLOYMENT_TARGET = 13.0;
				LD_RUNPATH_SEARCH_PATHS = (
					"$(inherited)",
					"@executable_path/Frameworks",
					"@loader_path/Frameworks",
				);
				PRODUCT_BUNDLE_IDENTIFIER = com.nat.iLockedTests;
				PRODUCT_NAME = "$(TARGET_NAME)";
				SWIFT_VERSION = 5.0;
				TARGETED_DEVICE_FAMILY = "1,2";
				TEST_HOST = "$(BUILT_PRODUCTS_DIR)/iLocked.app/iLocked";
			};
			name = Release;
		};
		D8A64B342353BC24000613F3 /* Debug */ = {
			isa = XCBuildConfiguration;
			baseConfigurationReference = 14C5E765DBF4D915D79DC076 /* Pods-iLocked-iLockedUITests.debug.xcconfig */;
			buildSettings = {
				ALWAYS_EMBED_SWIFT_STANDARD_LIBRARIES = YES;
				CODE_SIGN_STYLE = Automatic;
				DEVELOPMENT_TEAM = 3T8JC8YTSR;
				INFOPLIST_FILE = iLockedUITests/Info.plist;
				LD_RUNPATH_SEARCH_PATHS = (
					"$(inherited)",
					"@executable_path/Frameworks",
					"@loader_path/Frameworks",
				);
				PRODUCT_BUNDLE_IDENTIFIER = com.nat.iLockedUITests;
				PRODUCT_NAME = "$(TARGET_NAME)";
				SWIFT_VERSION = 5.0;
				TARGETED_DEVICE_FAMILY = "1,2";
				TEST_TARGET_NAME = iLocked;
			};
			name = Debug;
		};
		D8A64B352353BC24000613F3 /* Release */ = {
			isa = XCBuildConfiguration;
			baseConfigurationReference = 2DCCB26801EC278189163ADF /* Pods-iLocked-iLockedUITests.release.xcconfig */;
			buildSettings = {
				ALWAYS_EMBED_SWIFT_STANDARD_LIBRARIES = YES;
				CODE_SIGN_STYLE = Automatic;
				DEVELOPMENT_TEAM = 3T8JC8YTSR;
				INFOPLIST_FILE = iLockedUITests/Info.plist;
				LD_RUNPATH_SEARCH_PATHS = (
					"$(inherited)",
					"@executable_path/Frameworks",
					"@loader_path/Frameworks",
				);
				PRODUCT_BUNDLE_IDENTIFIER = com.nat.iLockedUITests;
				PRODUCT_NAME = "$(TARGET_NAME)";
				SWIFT_VERSION = 5.0;
				TARGETED_DEVICE_FAMILY = "1,2";
				TEST_TARGET_NAME = iLocked;
			};
			name = Release;
		};
/* End XCBuildConfiguration section */

/* Begin XCConfigurationList section */
		D8A64AFE2353BC1C000613F3 /* Build configuration list for PBXProject "iLocked" */ = {
			isa = XCConfigurationList;
			buildConfigurations = (
				D8A64B2B2353BC24000613F3 /* Debug */,
				D8A64B2C2353BC24000613F3 /* Release */,
			);
			defaultConfigurationIsVisible = 0;
			defaultConfigurationName = Release;
		};
		D8A64B2D2353BC24000613F3 /* Build configuration list for PBXNativeTarget "iLocked" */ = {
			isa = XCConfigurationList;
			buildConfigurations = (
				D8A64B2E2353BC24000613F3 /* Debug */,
				D8A64B2F2353BC24000613F3 /* Release */,
			);
			defaultConfigurationIsVisible = 0;
			defaultConfigurationName = Release;
		};
		D8A64B302353BC24000613F3 /* Build configuration list for PBXNativeTarget "iLockedTests" */ = {
			isa = XCConfigurationList;
			buildConfigurations = (
				D8A64B312353BC24000613F3 /* Debug */,
				D8A64B322353BC24000613F3 /* Release */,
			);
			defaultConfigurationIsVisible = 0;
			defaultConfigurationName = Release;
		};
		D8A64B332353BC24000613F3 /* Build configuration list for PBXNativeTarget "iLockedUITests" */ = {
			isa = XCConfigurationList;
			buildConfigurations = (
				D8A64B342353BC24000613F3 /* Debug */,
				D8A64B352353BC24000613F3 /* Release */,
			);
			defaultConfigurationIsVisible = 0;
			defaultConfigurationName = Release;
		};
/* End XCConfigurationList section */

/* Begin XCRemoteSwiftPackageReference section */
		90983B3826D17C4E007F46BB /* XCRemoteSwiftPackageReference "SPConfetti" */ = {
			isa = XCRemoteSwiftPackageReference;
			repositoryURL = "https://github.com/ivanvorobei/SPConfetti";
			requirement = {
				kind = upToNextMajorVersion;
				minimumVersion = 1.2.4;
			};
		};
		90ABB45026DC102B005F7497 /* XCRemoteSwiftPackageReference "QRCode" */ = {
			isa = XCRemoteSwiftPackageReference;
			repositoryURL = "https://github.com/dmrschmidt/QRCode";
			requirement = {
				kind = upToNextMajorVersion;
				minimumVersion = 1.1.0;
			};
		};
		90D3679D26C5737C00108B64 /* XCRemoteSwiftPackageReference "iap-swift-lib" */ = {
			isa = XCRemoteSwiftPackageReference;
			repositoryURL = "https://github.com/iridescent-dev/iap-swift-lib.git";
			requirement = {
				kind = upToNextMajorVersion;
				minimumVersion = 1.0.4;
			};
		};
/* End XCRemoteSwiftPackageReference section */

/* Begin XCSwiftPackageProductDependency section */
		90983B3926D17C4F007F46BB /* SPConfetti */ = {
			isa = XCSwiftPackageProductDependency;
			package = 90983B3826D17C4E007F46BB /* XCRemoteSwiftPackageReference "SPConfetti" */;
			productName = SPConfetti;
		};
		90ABB45126DC102B005F7497 /* QRCode */ = {
			isa = XCSwiftPackageProductDependency;
			package = 90ABB45026DC102B005F7497 /* XCRemoteSwiftPackageReference "QRCode" */;
			productName = QRCode;
		};
		90D3679E26C5737D00108B64 /* InAppPurchaseLib */ = {
			isa = XCSwiftPackageProductDependency;
			package = 90D3679D26C5737C00108B64 /* XCRemoteSwiftPackageReference "iap-swift-lib" */;
			productName = InAppPurchaseLib;
		};
/* End XCSwiftPackageProductDependency section */
	};
	rootObject = D8A64AFB2353BC1C000613F3 /* Project object */;
}
